
Microsoft Visual Studio Solution File, Format Version 12.00
# Visual Studio Version 16
VisualStudioVersion = 16.0.29613.14
MinimumVisualStudioVersion = 10.0.40219.1
Project("{9A19103F-16F7-4668-BE54-9A1E7A4F7556}") = "Curso2_BuenasPracticas", "Curso2_BuenasPracticas\Curso2_BuenasPracticas.csproj", "{97A9C8F4-F14C-44ED-B471-F88D39EEAF95}"
EndProject
Project("{FAE04EC0-301F-11D3-BF4B-00C04F79EFBC}") = "Curso2_BuenasPracticasTests", "Curso2_BuenasPracticasTests\Curso2_BuenasPracticasTests.csproj", "{96E25398-290A-49B8-BB39-4CCC34BB28D1}"
EndProject
Global
	GlobalSection(SolutionConfigurationPlatforms) = preSolution
		Debug|Any CPU = Debug|Any CPU
		Release|Any CPU = Release|Any CPU
	EndGlobalSection
	GlobalSection(ProjectConfigurationPlatforms) = postSolution
		{97A9C8F4-F14C-44ED-B471-F88D39EEAF95}.Debug|Any CPU.ActiveCfg = Debug|Any CPU
		{97A9C8F4-F14C-44ED-B471-F88D39EEAF95}.Debug|Any CPU.Build.0 = Debug|Any CPU
		{97A9C8F4-F14C-44ED-B471-F88D39EEAF95}.Release|Any CPU.ActiveCfg = Release|Any CPU
		{97A9C8F4-F14C-44ED-B471-F88D39EEAF95}.Release|Any CPU.Build.0 = Release|Any CPU
		{96E25398-290A-49B8-BB39-4CCC34BB28D1}.Debug|Any CPU.ActiveCfg = Debug|Any CPU
		{96E25398-290A-49B8-BB39-4CCC34BB28D1}.Debug|Any CPU.Build.0 = Debug|Any CPU
		{96E25398-290A-49B8-BB39-4CCC34BB28D1}.Release|Any CPU.ActiveCfg = Release|Any CPU
		{96E25398-290A-49B8-BB39-4CCC34BB28D1}.Release|Any CPU.Build.0 = Release|Any CPU
	EndGlobalSection
	GlobalSection(SolutionProperties) = preSolution
		HideSolutionNode = FALSE
	EndGlobalSection
	GlobalSection(ExtensibilityGlobals) = postSolution
		SolutionGuid = {D710A1C3-D877-4FCC-881C-B75E59A9651F}
	EndGlobalSection
EndGlobal
